
Microsoft Visual Studio Solution File, Format Version 12.00
Project("{FAE04EC0-301F-11D3-BF4B-00C04F79EFBC}") = "MySolution.Core", "MySolution.Core\MySolution.Core.csproj", "{6D8BBABF-8412-46E3-84A8-4756DAFF8BBC}"
EndProject
Project("{FAE04EC0-301F-11D3-BF4B-00C04F79EFBC}") = "MySolution.Test", "MySolution.Test\MySolution.Test.csproj", "{9E54216F-E5C6-4EF1-AD8F-FB8CFD485803}"
EndProject
Project("{2150E333-8FDC-42A3-9474-1A3956D46DE8}") = "Solution Items", "Solution Items", "{786FB68D-ADB0-487B-AB39-B8D6A4B531FC}"
	ProjectSection(SolutionItems) = preProject
		docker-compose.yaml = docker-compose.yaml
		Jenkins-parallel.groovy = Jenkins-parallel.groovy
		Jenkinsfile = Jenkinsfile
	EndProjectSection
EndProject
Global
	GlobalSection(SolutionConfigurationPlatforms) = preSolution
		Debug|Any CPU = Debug|Any CPU
		Release|Any CPU = Release|Any CPU
	EndGlobalSection
	GlobalSection(ProjectConfigurationPlatforms) = postSolution
		{6D8BBABF-8412-46E3-84A8-4756DAFF8BBC}.Debug|Any CPU.ActiveCfg = Debug|Any CPU
		{6D8BBABF-8412-46E3-84A8-4756DAFF8BBC}.Debug|Any CPU.Build.0 = Debug|Any CPU
		{6D8BBABF-8412-46E3-84A8-4756DAFF8BBC}.Release|Any CPU.ActiveCfg = Release|Any CPU
		{6D8BBABF-8412-46E3-84A8-4756DAFF8BBC}.Release|Any CPU.Build.0 = Release|Any CPU
		{9E54216F-E5C6-4EF1-AD8F-FB8CFD485803}.Debug|Any CPU.ActiveCfg = Debug|Any CPU
		{9E54216F-E5C6-4EF1-AD8F-FB8CFD485803}.Debug|Any CPU.Build.0 = Debug|Any CPU
		{9E54216F-E5C6-4EF1-AD8F-FB8CFD485803}.Release|Any CPU.ActiveCfg = Release|Any CPU
		{9E54216F-E5C6-4EF1-AD8F-FB8CFD485803}.Release|Any CPU.Build.0 = Release|Any CPU
	EndGlobalSection
EndGlobal
